
Microsoft Visual Studio Solution File, Format Version 12.00
# Visual Studio Version 17
VisualStudioVersion = 17.1.32328.378
MinimumVisualStudioVersion = 10.0.40219.1
Project("{9A19103F-16F7-4668-BE54-9A1E7A4F7556}") = "MVC", "MyChat.MVC\MVC.csproj", "{60C1968E-43C8-4208-BD75-EC7B5B1E5C78}"
EndProject
Project("{9A19103F-16F7-4668-BE54-9A1E7A4F7556}") = "Infrastructure", "MyChat.Data\Infrastructure.csproj", "{4D7CB2BA-6542-418A-9013-2FF3F1F407C7}"
EndProject
Project("{9A19103F-16F7-4668-BE54-9A1E7A4F7556}") = "Domain", "MyChat.Domain\Domain.csproj", "{156D3093-AF23-40E5-B143-3D535D572114}"
EndProject
Project("{9A19103F-16F7-4668-BE54-9A1E7A4F7556}") = "Models", "Core\Models.csproj", "{A5AEA520-FA57-4620-B2EA-C4BEE0D53E74}"
EndProject
Global
	GlobalSection(SolutionConfigurationPlatforms) = preSolution
		Debug|Any CPU = Debug|Any CPU
		Release|Any CPU = Release|Any CPU
	EndGlobalSection
	GlobalSection(ProjectConfigurationPlatforms) = postSolution
		{60C1968E-43C8-4208-BD75-EC7B5B1E5C78}.Debug|Any CPU.ActiveCfg = Debug|Any CPU
		{60C1968E-43C8-4208-BD75-EC7B5B1E5C78}.Debug|Any CPU.Build.0 = Debug|Any CPU
		{60C1968E-43C8-4208-BD75-EC7B5B1E5C78}.Release|Any CPU.ActiveCfg = Release|Any CPU
		{60C1968E-43C8-4208-BD75-EC7B5B1E5C78}.Release|Any CPU.Build.0 = Release|Any CPU
		{4D7CB2BA-6542-418A-9013-2FF3F1F407C7}.Debug|Any CPU.ActiveCfg = Debug|Any CPU
		{4D7CB2BA-6542-418A-9013-2FF3F1F407C7}.Debug|Any CPU.Build.0 = Debug|Any CPU
		{4D7CB2BA-6542-418A-9013-2FF3F1F407C7}.Release|Any CPU.ActiveCfg = Release|Any CPU
		{4D7CB2BA-6542-418A-9013-2FF3F1F407C7}.Release|Any CPU.Build.0 = Release|Any CPU
		{156D3093-AF23-40E5-B143-3D535D572114}.Debug|Any CPU.ActiveCfg = Debug|Any CPU
		{156D3093-AF23-40E5-B143-3D535D572114}.Debug|Any CPU.Build.0 = Debug|Any CPU
		{156D3093-AF23-40E5-B143-3D535D572114}.Release|Any CPU.ActiveCfg = Release|Any CPU
		{156D3093-AF23-40E5-B143-3D535D572114}.Release|Any CPU.Build.0 = Release|Any CPU
		{A5AEA520-FA57-4620-B2EA-C4BEE0D53E74}.Debug|Any CPU.ActiveCfg = Debug|Any CPU
		{A5AEA520-FA57-4620-B2EA-C4BEE0D53E74}.Debug|Any CPU.Build.0 = Debug|Any CPU
		{A5AEA520-FA57-4620-B2EA-C4BEE0D53E74}.Release|Any CPU.ActiveCfg = Release|Any CPU
		{A5AEA520-FA57-4620-B2EA-C4BEE0D53E74}.Release|Any CPU.Build.0 = Release|Any CPU
	EndGlobalSection
	GlobalSection(SolutionProperties) = preSolution
		HideSolutionNode = FALSE
	EndGlobalSection
	GlobalSection(ExtensibilityGlobals) = postSolution
		SolutionGuid = {EBE47E2B-6E74-4413-9A01-4A5ACB8EB3C3}
	EndGlobalSection
EndGlobal
