
Microsoft Visual Studio Solution File, Format Version 12.00
# Visual Studio Version 17
VisualStudioVersion = 17.1.32328.378
MinimumVisualStudioVersion = 10.0.40219.1
Project("{2150E333-8FDC-42A3-9474-1A3956D46DE8}") = "Src", "Src", "{5840A2E8-3A94-43D8-A8EC-EF95093C54A2}"
EndProject
Project("{2150E333-8FDC-42A3-9474-1A3956D46DE8}") = "Presentation", "Presentation", "{70566AB9-A677-45E0-84AB-7A6FD946A1EE}"
EndProject
Project("{FAE04EC0-301F-11D3-BF4B-00C04F79EFBC}") = "MyChat.MVC", "MyChat.MVC\MyChat.MVC.csproj", "{60C1968E-43C8-4208-BD75-EC7B5B1E5C78}"
EndProject
Global
	GlobalSection(SolutionConfigurationPlatforms) = preSolution
		Debug|Any CPU = Debug|Any CPU
		Release|Any CPU = Release|Any CPU
	EndGlobalSection
	GlobalSection(ProjectConfigurationPlatforms) = postSolution
		{60C1968E-43C8-4208-BD75-EC7B5B1E5C78}.Debug|Any CPU.ActiveCfg = Debug|Any CPU
		{60C1968E-43C8-4208-BD75-EC7B5B1E5C78}.Debug|Any CPU.Build.0 = Debug|Any CPU
		{60C1968E-43C8-4208-BD75-EC7B5B1E5C78}.Release|Any CPU.ActiveCfg = Release|Any CPU
		{60C1968E-43C8-4208-BD75-EC7B5B1E5C78}.Release|Any CPU.Build.0 = Release|Any CPU
	EndGlobalSection
	GlobalSection(SolutionProperties) = preSolution
		HideSolutionNode = FALSE
	EndGlobalSection
	GlobalSection(NestedProjects) = preSolution
		{70566AB9-A677-45E0-84AB-7A6FD946A1EE} = {5840A2E8-3A94-43D8-A8EC-EF95093C54A2}
		{60C1968E-43C8-4208-BD75-EC7B5B1E5C78} = {70566AB9-A677-45E0-84AB-7A6FD946A1EE}
	EndGlobalSection
	GlobalSection(ExtensibilityGlobals) = postSolution
		SolutionGuid = {EBE47E2B-6E74-4413-9A01-4A5ACB8EB3C3}
	EndGlobalSection
EndGlobal
